// !$*UTF8*$!
{
	archiveVersion = 1;
	classes = {
	};
	objectVersion = 60;
	objects = {

/* Begin PBXBuildFile section */
		F12BD5D42C109B5400991DC3 /* SwiftGenDemoProjectApp.swift in Sources */ = {isa = PBXBuildFile; fileRef = F12BD5D32C109B5400991DC3 /* SwiftGenDemoProjectApp.swift */; };
		F12BD5D62C109B5400991DC3 /* ContentView.swift in Sources */ = {isa = PBXBuildFile; fileRef = F12BD5D52C109B5400991DC3 /* ContentView.swift */; };
		F12BD5DB2C109B5C00991DC3 /* Preview Assets.xcassets in Resources */ = {isa = PBXBuildFile; fileRef = F12BD5DA2C109B5C00991DC3 /* Preview Assets.xcassets */; };
		F12BD5E42C109BA800991DC3 /* Localizable.strings in Resources */ = {isa = PBXBuildFile; fileRef = F12BD5E22C109BA800991DC3 /* Localizable.strings */; };
		F12BD5E92C109CDB00991DC3 /* Media.xcassets in Resources */ = {isa = PBXBuildFile; fileRef = F12BD5E82C109CDB00991DC3 /* Media.xcassets */; };
		F15EE5762C109F93001BCC3F /* SwiftGenDemo in Frameworks */ = {isa = PBXBuildFile; productRef = F15EE5752C109F93001BCC3F /* SwiftGenDemo */; };
		F1AF44FF2C121C6C0095ECDB /* SwiftGenDemoProjectTests.swift in Sources */ = {isa = PBXBuildFile; fileRef = F1AF44FE2C121C6C0095ECDB /* SwiftGenDemoProjectTests.swift */; };
/* End PBXBuildFile section */

/* Begin PBXContainerItemProxy section */
		F1AF45002C121C6C0095ECDB /* PBXContainerItemProxy */ = {
			isa = PBXContainerItemProxy;
			containerPortal = F12BD5C82C109B5400991DC3 /* Project object */;
			proxyType = 1;
			remoteGlobalIDString = F12BD5CF2C109B5400991DC3;
			remoteInfo = SwiftGenDemoProject;
		};
/* End PBXContainerItemProxy section */

/* Begin PBXFileReference section */
		F12BD5D02C109B5400991DC3 /* SwiftGenDemoProject.app */ = {isa = PBXFileReference; explicitFileType = wrapper.application; includeInIndex = 0; path = SwiftGenDemoProject.app; sourceTree = BUILT_PRODUCTS_DIR; };
		F12BD5D32C109B5400991DC3 /* SwiftGenDemoProjectApp.swift */ = {isa = PBXFileReference; lastKnownFileType = sourcecode.swift; path = SwiftGenDemoProjectApp.swift; sourceTree = "<group>"; };
		F12BD5D52C109B5400991DC3 /* ContentView.swift */ = {isa = PBXFileReference; lastKnownFileType = sourcecode.swift; path = ContentView.swift; sourceTree = "<group>"; };
		F12BD5DA2C109B5C00991DC3 /* Preview Assets.xcassets */ = {isa = PBXFileReference; lastKnownFileType = folder.assetcatalog; path = "Preview Assets.xcassets"; sourceTree = "<group>"; };
		F12BD5E32C109BA800991DC3 /* en */ = {isa = PBXFileReference; lastKnownFileType = text.plist.strings; name = en; path = en.lproj/Localizable.strings; sourceTree = "<group>"; };
		F12BD5E82C109CDB00991DC3 /* Media.xcassets */ = {isa = PBXFileReference; lastKnownFileType = folder.assetcatalog; path = Media.xcassets; sourceTree = "<group>"; };
		F1AF44FC2C121C6C0095ECDB /* SwiftGenDemoProjectTests.xctest */ = {isa = PBXFileReference; explicitFileType = wrapper.cfbundle; includeInIndex = 0; path = SwiftGenDemoProjectTests.xctest; sourceTree = BUILT_PRODUCTS_DIR; };
		F1AF44FE2C121C6C0095ECDB /* SwiftGenDemoProjectTests.swift */ = {isa = PBXFileReference; lastKnownFileType = sourcecode.swift; path = SwiftGenDemoProjectTests.swift; sourceTree = "<group>"; };
/* End PBXFileReference section */

/* Begin PBXFrameworksBuildPhase section */
		F12BD5CD2C109B5400991DC3 /* Frameworks */ = {
			isa = PBXFrameworksBuildPhase;
			buildActionMask = 2147483647;
			files = (
				F15EE5762C109F93001BCC3F /* SwiftGenDemo in Frameworks */,
			);
			runOnlyForDeploymentPostprocessing = 0;
		};
		F1AF44F92C121C6C0095ECDB /* Frameworks */ = {
			isa = PBXFrameworksBuildPhase;
			buildActionMask = 2147483647;
			files = (
			);
			runOnlyForDeploymentPostprocessing = 0;
		};
/* End PBXFrameworksBuildPhase section */

/* Begin PBXGroup section */
		F12BD5C72C109B5400991DC3 = {
			isa = PBXGroup;
			children = (
				F12BD5D22C109B5400991DC3 /* SwiftGenDemoProject */,
				F1AF44FD2C121C6C0095ECDB /* SwiftGenDemoProjectTests */,
				F12BD5D12C109B5400991DC3 /* Products */,
			);
			sourceTree = "<group>";
		};
		F12BD5D12C109B5400991DC3 /* Products */ = {
			isa = PBXGroup;
			children = (
				F12BD5D02C109B5400991DC3 /* SwiftGenDemoProject.app */,
				F1AF44FC2C121C6C0095ECDB /* SwiftGenDemoProjectTests.xctest */,
			);
			name = Products;
			sourceTree = "<group>";
		};
		F12BD5D22C109B5400991DC3 /* SwiftGenDemoProject */ = {
			isa = PBXGroup;
			children = (
				F12BD5E72C109C5400991DC3 /* Resources */,
				F12BD5D32C109B5400991DC3 /* SwiftGenDemoProjectApp.swift */,
				F12BD5D52C109B5400991DC3 /* ContentView.swift */,
				F12BD5D92C109B5C00991DC3 /* Preview Content */,
			);
			path = SwiftGenDemoProject;
			sourceTree = "<group>";
		};
		F12BD5D92C109B5C00991DC3 /* Preview Content */ = {
			isa = PBXGroup;
			children = (
				F12BD5DA2C109B5C00991DC3 /* Preview Assets.xcassets */,
			);
			path = "Preview Content";
			sourceTree = "<group>";
		};
		F12BD5E72C109C5400991DC3 /* Resources */ = {
			isa = PBXGroup;
			children = (
				F12BD5E22C109BA800991DC3 /* Localizable.strings */,
				F12BD5E82C109CDB00991DC3 /* Media.xcassets */,
			);
			path = Resources;
			sourceTree = "<group>";
		};
		F1AF44FD2C121C6C0095ECDB /* SwiftGenDemoProjectTests */ = {
			isa = PBXGroup;
			children = (
				F1AF44FE2C121C6C0095ECDB /* SwiftGenDemoProjectTests.swift */,
			);
			path = SwiftGenDemoProjectTests;
			sourceTree = "<group>";
		};
/* End PBXGroup section */

/* Begin PBXNativeTarget section */
		F12BD5CF2C109B5400991DC3 /* SwiftGenDemoProject */ = {
			isa = PBXNativeTarget;
			buildConfigurationList = F12BD5DE2C109B5C00991DC3 /* Build configuration list for PBXNativeTarget "SwiftGenDemoProject" */;
			buildPhases = (
				F12BD5CC2C109B5400991DC3 /* Sources */,
				F12BD5CD2C109B5400991DC3 /* Frameworks */,
				F12BD5CE2C109B5400991DC3 /* Resources */,
			);
			buildRules = (
			);
			dependencies = (
				F12BD5E62C109BEB00991DC3 /* PBXTargetDependency */,
			);
			name = SwiftGenDemoProject;
			packageProductDependencies = (
				F15EE5752C109F93001BCC3F /* SwiftGenDemo */,
			);
			productName = SwiftGenDemoProject;
			productReference = F12BD5D02C109B5400991DC3 /* SwiftGenDemoProject.app */;
			productType = "com.apple.product-type.application";
		};
		F1AF44FB2C121C6C0095ECDB /* SwiftGenDemoProjectTests */ = {
			isa = PBXNativeTarget;
			buildConfigurationList = F1AF45042C121C6C0095ECDB /* Build configuration list for PBXNativeTarget "SwiftGenDemoProjectTests" */;
			buildPhases = (
				F1AF44F82C121C6C0095ECDB /* Sources */,
				F1AF44F92C121C6C0095ECDB /* Frameworks */,
				F1AF44FA2C121C6C0095ECDB /* Resources */,
			);
			buildRules = (
			);
			dependencies = (
				F1AF45012C121C6C0095ECDB /* PBXTargetDependency */,
			);
			name = SwiftGenDemoProjectTests;
			productName = SwiftGenDemoProjectTests;
			productReference = F1AF44FC2C121C6C0095ECDB /* SwiftGenDemoProjectTests.xctest */;
			productType = "com.apple.product-type.bundle.unit-test";
		};
/* End PBXNativeTarget section */

/* Begin PBXProject section */
		F12BD5C82C109B5400991DC3 /* Project object */ = {
			isa = PBXProject;
			attributes = {
				BuildIndependentTargetsInParallel = 1;
				LastSwiftUpdateCheck = 1540;
				LastUpgradeCheck = 1540;
				TargetAttributes = {
					F12BD5CF2C109B5400991DC3 = {
						CreatedOnToolsVersion = 15.4;
					};
					F1AF44FB2C121C6C0095ECDB = {
						CreatedOnToolsVersion = 15.4;
						TestTargetID = F12BD5CF2C109B5400991DC3;
					};
				};
			};
			buildConfigurationList = F12BD5CB2C109B5400991DC3 /* Build configuration list for PBXProject "SwiftGenDemoProject" */;
			compatibilityVersion = "Xcode 14.0";
			developmentRegion = en;
			hasScannedForEncodings = 0;
			knownRegions = (
				en,
				Base,
			);
			mainGroup = F12BD5C72C109B5400991DC3;
			packageReferences = (
				F12BD5E12C109B8800991DC3 /* XCLocalSwiftPackageReference "../MSPlugins" */,
				F15EE5742C109F93001BCC3F /* XCLocalSwiftPackageReference "../SwiftGenDemo" */,
			);
			productRefGroup = F12BD5D12C109B5400991DC3 /* Products */;
			projectDirPath = "";
			projectRoot = "";
			targets = (
				F12BD5CF2C109B5400991DC3 /* SwiftGenDemoProject */,
				F1AF44FB2C121C6C0095ECDB /* SwiftGenDemoProjectTests */,
			);
		};
/* End PBXProject section */

/* Begin PBXResourcesBuildPhase section */
		F12BD5CE2C109B5400991DC3 /* Resources */ = {
			isa = PBXResourcesBuildPhase;
			buildActionMask = 2147483647;
			files = (
				F12BD5DB2C109B5C00991DC3 /* Preview Assets.xcassets in Resources */,
				F12BD5E92C109CDB00991DC3 /* Media.xcassets in Resources */,
				F12BD5E42C109BA800991DC3 /* Localizable.strings in Resources */,
			);
			runOnlyForDeploymentPostprocessing = 0;
		};
		F1AF44FA2C121C6C0095ECDB /* Resources */ = {
			isa = PBXResourcesBuildPhase;
			buildActionMask = 2147483647;
			files = (
			);
			runOnlyForDeploymentPostprocessing = 0;
		};
/* End PBXResourcesBuildPhase section */

/* Begin PBXSourcesBuildPhase section */
		F12BD5CC2C109B5400991DC3 /* Sources */ = {
			isa = PBXSourcesBuildPhase;
			buildActionMask = 2147483647;
			files = (
				F12BD5D62C109B5400991DC3 /* ContentView.swift in Sources */,
				F12BD5D42C109B5400991DC3 /* SwiftGenDemoProjectApp.swift in Sources */,
			);
			runOnlyForDeploymentPostprocessing = 0;
		};
		F1AF44F82C121C6C0095ECDB /* Sources */ = {
			isa = PBXSourcesBuildPhase;
			buildActionMask = 2147483647;
			files = (
				F1AF44FF2C121C6C0095ECDB /* SwiftGenDemoProjectTests.swift in Sources */,
			);
			runOnlyForDeploymentPostprocessing = 0;
		};
/* End PBXSourcesBuildPhase section */

/* Begin PBXTargetDependency section */
		F12BD5E62C109BEB00991DC3 /* PBXTargetDependency */ = {
			isa = PBXTargetDependency;
			productRef = F12BD5E52C109BEB00991DC3 /* SwiftGenPlugin */;
		};
		F1AF45012C121C6C0095ECDB /* PBXTargetDependency */ = {
			isa = PBXTargetDependency;
			target = F12BD5CF2C109B5400991DC3 /* SwiftGenDemoProject */;
			targetProxy = F1AF45002C121C6C0095ECDB /* PBXContainerItemProxy */;
		};
/* End PBXTargetDependency section */

/* Begin PBXVariantGroup section */
		F12BD5E22C109BA800991DC3 /* Localizable.strings */ = {
			isa = PBXVariantGroup;
			children = (
				F12BD5E32C109BA800991DC3 /* en */,
			);
			name = Localizable.strings;
			sourceTree = "<group>";
		};
/* End PBXVariantGroup section */

/* Begin XCBuildConfiguration section */
		F12BD5DC2C109B5C00991DC3 /* Debug */ = {
			isa = XCBuildConfiguration;
			buildSettings = {
				ALWAYS_SEARCH_USER_PATHS = NO;
				ASSETCATALOG_COMPILER_GENERATE_SWIFT_ASSET_SYMBOL_EXTENSIONS = YES;
				CLANG_ANALYZER_NONNULL = YES;
				CLANG_ANALYZER_NUMBER_OBJECT_CONVERSION = YES_AGGRESSIVE;
				CLANG_CXX_LANGUAGE_STANDARD = "gnu++20";
				CLANG_ENABLE_MODULES = YES;
				CLANG_ENABLE_OBJC_ARC = YES;
				CLANG_ENABLE_OBJC_WEAK = YES;
				CLANG_WARN_BLOCK_CAPTURE_AUTORELEASING = YES;
				CLANG_WARN_BOOL_CONVERSION = YES;
				CLANG_WARN_COMMA = YES;
				CLANG_WARN_CONSTANT_CONVERSION = YES;
				CLANG_WARN_DEPRECATED_OBJC_IMPLEMENTATIONS = YES;
				CLANG_WARN_DIRECT_OBJC_ISA_USAGE = YES_ERROR;
				CLANG_WARN_DOCUMENTATION_COMMENTS = YES;
				CLANG_WARN_EMPTY_BODY = YES;
				CLANG_WARN_ENUM_CONVERSION = YES;
				CLANG_WARN_INFINITE_RECURSION = YES;
				CLANG_WARN_INT_CONVERSION = YES;
				CLANG_WARN_NON_LITERAL_NULL_CONVERSION = YES;
				CLANG_WARN_OBJC_IMPLICIT_RETAIN_SELF = YES;
				CLANG_WARN_OBJC_LITERAL_CONVERSION = YES;
				CLANG_WARN_OBJC_ROOT_CLASS = YES_ERROR;
				CLANG_WARN_QUOTED_INCLUDE_IN_FRAMEWORK_HEADER = YES;
				CLANG_WARN_RANGE_LOOP_ANALYSIS = YES;
				CLANG_WARN_STRICT_PROTOTYPES = YES;
				CLANG_WARN_SUSPICIOUS_MOVE = YES;
				CLANG_WARN_UNGUARDED_AVAILABILITY = YES_AGGRESSIVE;
				CLANG_WARN_UNREACHABLE_CODE = YES;
				CLANG_WARN__DUPLICATE_METHOD_MATCH = YES;
				COPY_PHASE_STRIP = NO;
				DEBUG_INFORMATION_FORMAT = dwarf;
				ENABLE_STRICT_OBJC_MSGSEND = YES;
				ENABLE_TESTABILITY = YES;
				ENABLE_USER_SCRIPT_SANDBOXING = YES;
				GCC_C_LANGUAGE_STANDARD = gnu17;
				GCC_DYNAMIC_NO_PIC = NO;
				GCC_NO_COMMON_BLOCKS = YES;
				GCC_OPTIMIZATION_LEVEL = 0;
				GCC_PREPROCESSOR_DEFINITIONS = (
					"DEBUG=1",
					"$(inherited)",
				);
				GCC_WARN_64_TO_32_BIT_CONVERSION = YES;
				GCC_WARN_ABOUT_RETURN_TYPE = YES_ERROR;
				GCC_WARN_UNDECLARED_SELECTOR = YES;
				GCC_WARN_UNINITIALIZED_AUTOS = YES_AGGRESSIVE;
				GCC_WARN_UNUSED_FUNCTION = YES;
				GCC_WARN_UNUSED_VARIABLE = YES;
				IPHONEOS_DEPLOYMENT_TARGET = 17.5;
				LOCALIZATION_PREFERS_STRING_CATALOGS = YES;
				MTL_ENABLE_DEBUG_INFO = INCLUDE_SOURCE;
				MTL_FAST_MATH = YES;
				ONLY_ACTIVE_ARCH = YES;
				SDKROOT = iphoneos;
				SWIFT_ACTIVE_COMPILATION_CONDITIONS = "DEBUG $(inherited)";
				SWIFT_OPTIMIZATION_LEVEL = "-Onone";
			};
			name = Debug;
		};
		F12BD5DD2C109B5C00991DC3 /* Release */ = {
			isa = XCBuildConfiguration;
			buildSettings = {
				ALWAYS_SEARCH_USER_PATHS = NO;
				ASSETCATALOG_COMPILER_GENERATE_SWIFT_ASSET_SYMBOL_EXTENSIONS = YES;
				CLANG_ANALYZER_NONNULL = YES;
				CLANG_ANALYZER_NUMBER_OBJECT_CONVERSION = YES_AGGRESSIVE;
				CLANG_CXX_LANGUAGE_STANDARD = "gnu++20";
				CLANG_ENABLE_MODULES = YES;
				CLANG_ENABLE_OBJC_ARC = YES;
				CLANG_ENABLE_OBJC_WEAK = YES;
				CLANG_WARN_BLOCK_CAPTURE_AUTORELEASING = YES;
				CLANG_WARN_BOOL_CONVERSION = YES;
				CLANG_WARN_COMMA = YES;
				CLANG_WARN_CONSTANT_CONVERSION = YES;
				CLANG_WARN_DEPRECATED_OBJC_IMPLEMENTATIONS = YES;
				CLANG_WARN_DIRECT_OBJC_ISA_USAGE = YES_ERROR;
				CLANG_WARN_DOCUMENTATION_COMMENTS = YES;
				CLANG_WARN_EMPTY_BODY = YES;
				CLANG_WARN_ENUM_CONVERSION = YES;
				CLANG_WARN_INFINITE_RECURSION = YES;
				CLANG_WARN_INT_CONVERSION = YES;
				CLANG_WARN_NON_LITERAL_NULL_CONVERSION = YES;
				CLANG_WARN_OBJC_IMPLICIT_RETAIN_SELF = YES;
				CLANG_WARN_OBJC_LITERAL_CONVERSION = YES;
				CLANG_WARN_OBJC_ROOT_CLASS = YES_ERROR;
				CLANG_WARN_QUOTED_INCLUDE_IN_FRAMEWORK_HEADER = YES;
				CLANG_WARN_RANGE_LOOP_ANALYSIS = YES;
				CLANG_WARN_STRICT_PROTOTYPES = YES;
				CLANG_WARN_SUSPICIOUS_MOVE = YES;
				CLANG_WARN_UNGUARDED_AVAILABILITY = YES_AGGRESSIVE;
				CLANG_WARN_UNREACHABLE_CODE = YES;
				CLANG_WARN__DUPLICATE_METHOD_MATCH = YES;
				COPY_PHASE_STRIP = NO;
				DEBUG_INFORMATION_FORMAT = "dwarf-with-dsym";
				ENABLE_NS_ASSERTIONS = NO;
				ENABLE_STRICT_OBJC_MSGSEND = YES;
				ENABLE_USER_SCRIPT_SANDBOXING = YES;
				GCC_C_LANGUAGE_STANDARD = gnu17;
				GCC_NO_COMMON_BLOCKS = YES;
				GCC_WARN_64_TO_32_BIT_CONVERSION = YES;
				GCC_WARN_ABOUT_RETURN_TYPE = YES_ERROR;
				GCC_WARN_UNDECLARED_SELECTOR = YES;
				GCC_WARN_UNINITIALIZED_AUTOS = YES_AGGRESSIVE;
				GCC_WARN_UNUSED_FUNCTION = YES;
				GCC_WARN_UNUSED_VARIABLE = YES;
				IPHONEOS_DEPLOYMENT_TARGET = 17.5;
				LOCALIZATION_PREFERS_STRING_CATALOGS = YES;
				MTL_ENABLE_DEBUG_INFO = NO;
				MTL_FAST_MATH = YES;
				SDKROOT = iphoneos;
				SWIFT_COMPILATION_MODE = wholemodule;
				VALIDATE_PRODUCT = YES;
			};
			name = Release;
		};
		F12BD5DF2C109B5C00991DC3 /* Debug */ = {
			isa = XCBuildConfiguration;
			buildSettings = {
				ASSETCATALOG_COMPILER_APPICON_NAME = AppIcon;
				ASSETCATALOG_COMPILER_GLOBAL_ACCENT_COLOR_NAME = AccentColor;
				CODE_SIGN_STYLE = Automatic;
				CURRENT_PROJECT_VERSION = 1;
				DEVELOPMENT_ASSET_PATHS = "\"SwiftGenDemoProject/Preview Content\"";
				ENABLE_PREVIEWS = YES;
				GENERATE_INFOPLIST_FILE = YES;
				INFOPLIST_KEY_UIApplicationSceneManifest_Generation = YES;
				INFOPLIST_KEY_UIApplicationSupportsIndirectInputEvents = YES;
				INFOPLIST_KEY_UILaunchScreen_Generation = YES;
				INFOPLIST_KEY_UISupportedInterfaceOrientations_iPad = "UIInterfaceOrientationPortrait UIInterfaceOrientationPortraitUpsideDown UIInterfaceOrientationLandscapeLeft UIInterfaceOrientationLandscapeRight";
				INFOPLIST_KEY_UISupportedInterfaceOrientations_iPhone = "UIInterfaceOrientationPortrait UIInterfaceOrientationLandscapeLeft UIInterfaceOrientationLandscapeRight";
				LD_RUNPATH_SEARCH_PATHS = (
					"$(inherited)",
					"@executable_path/Frameworks",
				);
				MARKETING_VERSION = 1.0;
				PRODUCT_BUNDLE_IDENTIFIER = com.marksandspencer.SwiftGenDemoProject;
				PRODUCT_NAME = "$(TARGET_NAME)";
				SWIFT_EMIT_LOC_STRINGS = YES;
				SWIFT_VERSION = 5.0;
				TARGETED_DEVICE_FAMILY = "1,2";
			};
			name = Debug;
		};
		F12BD5E02C109B5C00991DC3 /* Release */ = {
			isa = XCBuildConfiguration;
			buildSettings = {
				ASSETCATALOG_COMPILER_APPICON_NAME = AppIcon;
				ASSETCATALOG_COMPILER_GLOBAL_ACCENT_COLOR_NAME = AccentColor;
				CODE_SIGN_STYLE = Automatic;
				CURRENT_PROJECT_VERSION = 1;
				DEVELOPMENT_ASSET_PATHS = "\"SwiftGenDemoProject/Preview Content\"";
				ENABLE_PREVIEWS = YES;
				GENERATE_INFOPLIST_FILE = YES;
				INFOPLIST_KEY_UIApplicationSceneManifest_Generation = YES;
				INFOPLIST_KEY_UIApplicationSupportsIndirectInputEvents = YES;
				INFOPLIST_KEY_UILaunchScreen_Generation = YES;
				INFOPLIST_KEY_UISupportedInterfaceOrientations_iPad = "UIInterfaceOrientationPortrait UIInterfaceOrientationPortraitUpsideDown UIInterfaceOrientationLandscapeLeft UIInterfaceOrientationLandscapeRight";
				INFOPLIST_KEY_UISupportedInterfaceOrientations_iPhone = "UIInterfaceOrientationPortrait UIInterfaceOrientationLandscapeLeft UIInterfaceOrientationLandscapeRight";
				LD_RUNPATH_SEARCH_PATHS = (
					"$(inherited)",
					"@executable_path/Frameworks",
				);
				MARKETING_VERSION = 1.0;
				PRODUCT_BUNDLE_IDENTIFIER = com.marksandspencer.SwiftGenDemoProject;
				PRODUCT_NAME = "$(TARGET_NAME)";
				SWIFT_EMIT_LOC_STRINGS = YES;
				SWIFT_VERSION = 5.0;
				TARGETED_DEVICE_FAMILY = "1,2";
			};
			name = Release;
		};
		F1AF45022C121C6C0095ECDB /* Debug */ = {
			isa = XCBuildConfiguration;
			buildSettings = {
				BUNDLE_LOADER = "$(TEST_HOST)";
				CODE_SIGN_STYLE = Automatic;
				CURRENT_PROJECT_VERSION = 1;
				GENERATE_INFOPLIST_FILE = YES;
				MARKETING_VERSION = 1.0;
				PRODUCT_BUNDLE_IDENTIFIER = com.marksandspencer.SwiftGenDemoProjectTests;
				PRODUCT_NAME = "$(TARGET_NAME)";
				SWIFT_EMIT_LOC_STRINGS = NO;
				SWIFT_VERSION = 5.0;
				TARGETED_DEVICE_FAMILY = "1,2";
				TEST_HOST = "$(BUILT_PRODUCTS_DIR)/SwiftGenDemoProject.app/$(BUNDLE_EXECUTABLE_FOLDER_PATH)/SwiftGenDemoProject";
			};
			name = Debug;
		};
		F1AF45032C121C6C0095ECDB /* Release */ = {
			isa = XCBuildConfiguration;
			buildSettings = {
				BUNDLE_LOADER = "$(TEST_HOST)";
				CODE_SIGN_STYLE = Automatic;
				CURRENT_PROJECT_VERSION = 1;
				GENERATE_INFOPLIST_FILE = YES;
				MARKETING_VERSION = 1.0;
				PRODUCT_BUNDLE_IDENTIFIER = com.marksandspencer.SwiftGenDemoProjectTests;
				PRODUCT_NAME = "$(TARGET_NAME)";
				SWIFT_EMIT_LOC_STRINGS = NO;
				SWIFT_VERSION = 5.0;
				TARGETED_DEVICE_FAMILY = "1,2";
				TEST_HOST = "$(BUILT_PRODUCTS_DIR)/SwiftGenDemoProject.app/$(BUNDLE_EXECUTABLE_FOLDER_PATH)/SwiftGenDemoProject";
			};
			name = Release;
		};
/* End XCBuildConfiguration section */

/* Begin XCConfigurationList section */
		F12BD5CB2C109B5400991DC3 /* Build configuration list for PBXProject "SwiftGenDemoProject" */ = {
			isa = XCConfigurationList;
			buildConfigurations = (
				F12BD5DC2C109B5C00991DC3 /* Debug */,
				F12BD5DD2C109B5C00991DC3 /* Release */,
			);
			defaultConfigurationIsVisible = 0;
			defaultConfigurationName = Release;
		};
		F12BD5DE2C109B5C00991DC3 /* Build configuration list for PBXNativeTarget "SwiftGenDemoProject" */ = {
			isa = XCConfigurationList;
			buildConfigurations = (
				F12BD5DF2C109B5C00991DC3 /* Debug */,
				F12BD5E02C109B5C00991DC3 /* Release */,
			);
			defaultConfigurationIsVisible = 0;
			defaultConfigurationName = Release;
		};
		F1AF45042C121C6C0095ECDB /* Build configuration list for PBXNativeTarget "SwiftGenDemoProjectTests" */ = {
			isa = XCConfigurationList;
			buildConfigurations = (
				F1AF45022C121C6C0095ECDB /* Debug */,
				F1AF45032C121C6C0095ECDB /* Release */,
			);
			defaultConfigurationIsVisible = 0;
			defaultConfigurationName = Release;
		};
/* End XCConfigurationList section */

/* Begin XCLocalSwiftPackageReference section */
		F12BD5E12C109B8800991DC3 /* XCLocalSwiftPackageReference "../MSPlugins" */ = {
			isa = XCLocalSwiftPackageReference;
			relativePath = ../MSPlugins;
		};
		F15EE5742C109F93001BCC3F /* XCLocalSwiftPackageReference "../SwiftGenDemo" */ = {
			isa = XCLocalSwiftPackageReference;
			relativePath = ../SwiftGenDemo;
		};
/* End XCLocalSwiftPackageReference section */

/* Begin XCSwiftPackageProductDependency section */
		F12BD5E52C109BEB00991DC3 /* SwiftGenPlugin */ = {
			isa = XCSwiftPackageProductDependency;
			package = F12BD5E12C109B8800991DC3 /* XCLocalSwiftPackageReference "../MSPlugins" */;
			productName = "plugin:SwiftGenPlugin";
		};
		F15EE5752C109F93001BCC3F /* SwiftGenDemo */ = {
			isa = XCSwiftPackageProductDependency;
			productName = SwiftGenDemo;
		};
/* End XCSwiftPackageProductDependency section */
	};
	rootObject = F12BD5C82C109B5400991DC3 /* Project object */;
}
